<?xml version="1.0" encoding="utf-8"?>
<Project ToolsVersion="17.0" xmlns="http://schemas.microsoft.com/developer/msbuild/2003">
  <ItemGroup>
    <CustomBuild Include="C:\Users\Rakete\Documents\Drohnenversuchsstand\DROMA\Simulation\scripts\sitl\build_cg\CMakeFiles\e01c09242ead147ed46a058f7d4873f1\INSTALL_force.rule">
      <Filter>CMake Rules</Filter>
    </CustomBuild>
  </ItemGroup>
  <ItemGroup>
    <Filter Include="CMake Rules">
      <UniqueIdentifier>{F9BE401A-4DD1-3832-ACBD-87054F6145DC}</UniqueIdentifier>
    </Filter>
  </ItemGroup>
</Project>
