
Microsoft Visual Studio Solution File, Format Version 12.00
# Visual Studio Version 17
Project("{8BC9CEB8-8B4A-11D0-8D11-00A0C91BC942}") = "ALL_BUILD", "ALL_BUILD.vcxproj", "{F8C5C5FB-B5B4-3F98-9DF1-16148BBF9911}"
	ProjectSection(ProjectDependencies) = postProject
		{41F9AAF7-358D-3FDA-A07B-6F2AE396E9B1} = {41F9AAF7-358D-3FDA-A07B-6F2AE396E9B1}
		{C4FD25E9-7093-3E9A-A6AF-88DA84F6393D} = {C4FD25E9-7093-3E9A-A6AF-88DA84F6393D}
		{5D40976E-A022-38B9-AB8E-5ED77EFAE620} = {5D40976E-A022-38B9-AB8E-5ED77EFAE620}
		{50B1151B-5EB5-314B-B6C0-BEE9B9159AB5} = {50B1151B-5EB5-314B-B6C0-BEE9B9159AB5}
		{8FAD3A00-6831-3EDC-AF02-40B6D9BF9F20} = {8FAD3A00-6831-3EDC-AF02-40B6D9BF9F20}
		{8F10CB60-F164-388E-BAD9-3CA0293054A9} = {8F10CB60-F164-388E-BAD9-3CA0293054A9}
		{70850C4E-E6B5-3A9D-9EE8-E694D1B71B70} = {70850C4E-E6B5-3A9D-9EE8-E694D1B71B70}
		{7030F83A-EA86-379F-A7D7-480F88299116} = {7030F83A-EA86-379F-A7D7-480F88299116}
		{5B52AFDD-2FF0-37C6-8A7B-BF3C30DE947D} = {5B52AFDD-2FF0-37C6-8A7B-BF3C30DE947D}
		{A89E3B27-A4B5-32F1-85B8-DDAE657BA863} = {A89E3B27-A4B5-32F1-85B8-DDAE657BA863}
		{D498F92D-C786-3125-80C4-7933D8658ECE} = {D498F92D-C786-3125-80C4-7933D8658ECE}
	EndProjectSection
EndProject
Project("{8BC9CEB8-8B4A-11D0-8D11-00A0C91BC942}") = "INSTALL", "INSTALL.vcxproj", "{8651C243-9808-35F2-909D-38085DFA9C30}"
	ProjectSection(ProjectDependencies) = postProject
		{F8C5C5FB-B5B4-3F98-9DF1-16148BBF9911} = {F8C5C5FB-B5B4-3F98-9DF1-16148BBF9911}
		{41F9AAF7-358D-3FDA-A07B-6F2AE396E9B1} = {41F9AAF7-358D-3FDA-A07B-6F2AE396E9B1}
	EndProjectSection
EndProject
Project("{8BC9CEB8-8B4A-11D0-8D11-00A0C91BC942}") = "RUN_TESTS", "RUN_TESTS.vcxproj", "{383CC30A-60BA-3B02-BC24-3A099E59CA70}"
	ProjectSection(ProjectDependencies) = postProject
		{41F9AAF7-358D-3FDA-A07B-6F2AE396E9B1} = {41F9AAF7-358D-3FDA-A07B-6F2AE396E9B1}
	EndProjectSection
EndProject
Project("{8BC9CEB8-8B4A-11D0-8D11-00A0C91BC942}") = "ZERO_CHECK", "ZERO_CHECK.vcxproj", "{41F9AAF7-358D-3FDA-A07B-6F2AE396E9B1}"
	ProjectSection(ProjectDependencies) = postProject
	EndProjectSection
EndProject
Project("{8BC9CEB8-8B4A-11D0-8D11-00A0C91BC942}") = "diag_mcu_replay", "diag_mcu_replay.vcxproj", "{C4FD25E9-7093-3E9A-A6AF-88DA84F6393D}"
	ProjectSection(ProjectDependencies) = postProject
		{41F9AAF7-358D-3FDA-A07B-6F2AE396E9B1} = {41F9AAF7-358D-3FDA-A07B-6F2AE396E9B1}
	EndProjectSection
EndProject
Project("{8BC9CEB8-8B4A-11D0-8D11-00A0C91BC942}") = "gmock", "_deps\googletest-build\googlemock\gmock.vcxproj", "{5D40976E-A022-38B9-AB8E-5ED77EFAE620}"
	ProjectSection(ProjectDependencies) = postProject
		{41F9AAF7-358D-3FDA-A07B-6F2AE396E9B1} = {41F9AAF7-358D-3FDA-A07B-6F2AE396E9B1}
	EndProjectSection
EndProject
Project("{8BC9CEB8-8B4A-11D0-8D11-00A0C91BC942}") = "gmock_main", "_deps\googletest-build\googlemock\gmock_main.vcxproj", "{50B1151B-5EB5-314B-B6C0-BEE9B9159AB5}"
	ProjectSection(ProjectDependencies) = postProject
		{41F9AAF7-358D-3FDA-A07B-6F2AE396E9B1} = {41F9AAF7-358D-3FDA-A07B-6F2AE396E9B1}
	EndProjectSection
EndProject
Project("{8BC9CEB8-8B4A-11D0-8D11-00A0C91BC942}") = "gtest", "_deps\googletest-build\googletest\gtest.vcxproj", "{8FAD3A00-6831-3EDC-AF02-40B6D9BF9F20}"
	ProjectSection(ProjectDependencies) = postProject
		{41F9AAF7-358D-3FDA-A07B-6F2AE396E9B1} = {41F9AAF7-358D-3FDA-A07B-6F2AE396E9B1}
	EndProjectSection
EndProject
Project("{8BC9CEB8-8B4A-11D0-8D11-00A0C91BC942}") = "gtest_main", "_deps\googletest-build\googletest\gtest_main.vcxproj", "{8F10CB60-F164-388E-BAD9-3CA0293054A9}"
	ProjectSection(ProjectDependencies) = postProject
		{41F9AAF7-358D-3FDA-A07B-6F2AE396E9B1} = {41F9AAF7-358D-3FDA-A07B-6F2AE396E9B1}
		{8FAD3A00-6831-3EDC-AF02-40B6D9BF9F20} = {8FAD3A00-6831-3EDC-AF02-40B6D9BF9F20}
	EndProjectSection
EndProject
Project("{8BC9CEB8-8B4A-11D0-8D11-00A0C91BC942}") = "test_gcs_frame", "test_gcs_frame.vcxproj", "{70850C4E-E6B5-3A9D-9EE8-E694D1B71B70}"
	ProjectSection(ProjectDependencies) = postProject
		{41F9AAF7-358D-3FDA-A07B-6F2AE396E9B1} = {41F9AAF7-358D-3FDA-A07B-6F2AE396E9B1}
		{8FAD3A00-6831-3EDC-AF02-40B6D9BF9F20} = {8FAD3A00-6831-3EDC-AF02-40B6D9BF9F20}
		{8F10CB60-F164-388E-BAD9-3CA0293054A9} = {8F10CB60-F164-388E-BAD9-3CA0293054A9}
	EndProjectSection
EndProject
Project("{8BC9CEB8-8B4A-11D0-8D11-00A0C91BC942}") = "test_link_codec", "test_link_codec.vcxproj", "{7030F83A-EA86-379F-A7D7-480F88299116}"
	ProjectSection(ProjectDependencies) = postProject
		{41F9AAF7-358D-3FDA-A07B-6F2AE396E9B1} = {41F9AAF7-358D-3FDA-A07B-6F2AE396E9B1}
		{8FAD3A00-6831-3EDC-AF02-40B6D9BF9F20} = {8FAD3A00-6831-3EDC-AF02-40B6D9BF9F20}
		{8F10CB60-F164-388E-BAD9-3CA0293054A9} = {8F10CB60-F164-388E-BAD9-3CA0293054A9}
	EndProjectSection
EndProject
Project("{8BC9CEB8-8B4A-11D0-8D11-00A0C91BC942}") = "test_mcu_model", "test_mcu_model.vcxproj", "{5B52AFDD-2FF0-37C6-8A7B-BF3C30DE947D}"
	ProjectSection(ProjectDependencies) = postProject
		{41F9AAF7-358D-3FDA-A07B-6F2AE396E9B1} = {41F9AAF7-358D-3FDA-A07B-6F2AE396E9B1}
		{8FAD3A00-6831-3EDC-AF02-40B6D9BF9F20} = {8FAD3A00-6831-3EDC-AF02-40B6D9BF9F20}
		{8F10CB60-F164-388E-BAD9-3CA0293054A9} = {8F10CB60-F164-388E-BAD9-3CA0293054A9}
	EndProjectSection
EndProject
Project("{8BC9CEB8-8B4A-11D0-8D11-00A0C91BC942}") = "test_quat_golden", "test_quat_golden.vcxproj", "{A89E3B27-A4B5-32F1-85B8-DDAE657BA863}"
	ProjectSection(ProjectDependencies) = postProject
		{41F9AAF7-358D-3FDA-A07B-6F2AE396E9B1} = {41F9AAF7-358D-3FDA-A07B-6F2AE396E9B1}
		{8FAD3A00-6831-3EDC-AF02-40B6D9BF9F20} = {8FAD3A00-6831-3EDC-AF02-40B6D9BF9F20}
		{8F10CB60-F164-388E-BAD9-3CA0293054A9} = {8F10CB60-F164-388E-BAD9-3CA0293054A9}
	EndProjectSection
EndProject
Project("{8BC9CEB8-8B4A-11D0-8D11-00A0C91BC942}") = "test_safety", "test_safety.vcxproj", "{D498F92D-C786-3125-80C4-7933D8658ECE}"
	ProjectSection(ProjectDependencies) = postProject
		{41F9AAF7-358D-3FDA-A07B-6F2AE396E9B1} = {41F9AAF7-358D-3FDA-A07B-6F2AE396E9B1}
		{8FAD3A00-6831-3EDC-AF02-40B6D9BF9F20} = {8FAD3A00-6831-3EDC-AF02-40B6D9BF9F20}
		{8F10CB60-F164-388E-BAD9-3CA0293054A9} = {8F10CB60-F164-388E-BAD9-3CA0293054A9}
	EndProjectSection
EndProject
Global
	GlobalSection(SolutionConfigurationPlatforms) = preSolution
		Debug|x64 = Debug|x64
		Release|x64 = Release|x64
		MinSizeRel|x64 = MinSizeRel|x64
		RelWithDebInfo|x64 = RelWithDebInfo|x64
	EndGlobalSection
	GlobalSection(ProjectConfigurationPlatforms) = postSolution
		{F8C5C5FB-B5B4-3F98-9DF1-16148BBF9911}.Debug|x64.ActiveCfg = Debug|x64
		{F8C5C5FB-B5B4-3F98-9DF1-16148BBF9911}.Debug|x64.Build.0 = Debug|x64
		{F8C5C5FB-B5B4-3F98-9DF1-16148BBF9911}.Release|x64.ActiveCfg = Release|x64
		{F8C5C5FB-B5B4-3F98-9DF1-16148BBF9911}.Release|x64.Build.0 = Release|x64
		{F8C5C5FB-B5B4-3F98-9DF1-16148BBF9911}.MinSizeRel|x64.ActiveCfg = MinSizeRel|x64
		{F8C5C5FB-B5B4-3F98-9DF1-16148BBF9911}.MinSizeRel|x64.Build.0 = MinSizeRel|x64
		{F8C5C5FB-B5B4-3F98-9DF1-16148BBF9911}.RelWithDebInfo|x64.ActiveCfg = RelWithDebInfo|x64
		{F8C5C5FB-B5B4-3F98-9DF1-16148BBF9911}.RelWithDebInfo|x64.Build.0 = RelWithDebInfo|x64
		{8651C243-9808-35F2-909D-38085DFA9C30}.Debug|x64.ActiveCfg = Debug|x64
		{8651C243-9808-35F2-909D-38085DFA9C30}.Release|x64.ActiveCfg = Release|x64
		{8651C243-9808-35F2-909D-38085DFA9C30}.MinSizeRel|x64.ActiveCfg = MinSizeRel|x64
		{8651C243-9808-35F2-909D-38085DFA9C30}.RelWithDebInfo|x64.ActiveCfg = RelWithDebInfo|x64
		{383CC30A-60BA-3B02-BC24-3A099E59CA70}.Debug|x64.ActiveCfg = Debug|x64
		{383CC30A-60BA-3B02-BC24-3A099E59CA70}.Release|x64.ActiveCfg = Release|x64
		{383CC30A-60BA-3B02-BC24-3A099E59CA70}.MinSizeRel|x64.ActiveCfg = MinSizeRel|x64
		{383CC30A-60BA-3B02-BC24-3A099E59CA70}.RelWithDebInfo|x64.ActiveCfg = RelWithDebInfo|x64
		{41F9AAF7-358D-3FDA-A07B-6F2AE396E9B1}.Debug|x64.ActiveCfg = Debug|x64
		{41F9AAF7-358D-3FDA-A07B-6F2AE396E9B1}.Debug|x64.Build.0 = Debug|x64
		{41F9AAF7-358D-3FDA-A07B-6F2AE396E9B1}.Release|x64.ActiveCfg = Release|x64
		{41F9AAF7-358D-3FDA-A07B-6F2AE396E9B1}.Release|x64.Build.0 = Release|x64
		{41F9AAF7-358D-3FDA-A07B-6F2AE396E9B1}.MinSizeRel|x64.ActiveCfg = MinSizeRel|x64
		{41F9AAF7-358D-3FDA-A07B-6F2AE396E9B1}.MinSizeRel|x64.Build.0 = MinSizeRel|x64
		{41F9AAF7-358D-3FDA-A07B-6F2AE396E9B1}.RelWithDebInfo|x64.ActiveCfg = RelWithDebInfo|x64
		{41F9AAF7-358D-3FDA-A07B-6F2AE396E9B1}.RelWithDebInfo|x64.Build.0 = RelWithDebInfo|x64
		{C4FD25E9-7093-3E9A-A6AF-88DA84F6393D}.Debug|x64.ActiveCfg = Debug|x64
		{C4FD25E9-7093-3E9A-A6AF-88DA84F6393D}.Debug|x64.Build.0 = Debug|x64
		{C4FD25E9-7093-3E9A-A6AF-88DA84F6393D}.Release|x64.ActiveCfg = Release|x64
		{C4FD25E9-7093-3E9A-A6AF-88DA84F6393D}.Release|x64.Build.0 = Release|x64
		{C4FD25E9-7093-3E9A-A6AF-88DA84F6393D}.MinSizeRel|x64.ActiveCfg = MinSizeRel|x64
		{C4FD25E9-7093-3E9A-A6AF-88DA84F6393D}.MinSizeRel|x64.Build.0 = MinSizeRel|x64
		{C4FD25E9-7093-3E9A-A6AF-88DA84F6393D}.RelWithDebInfo|x64.ActiveCfg = RelWithDebInfo|x64
		{C4FD25E9-7093-3E9A-A6AF-88DA84F6393D}.RelWithDebInfo|x64.Build.0 = RelWithDebInfo|x64
		{5D40976E-A022-38B9-AB8E-5ED77EFAE620}.Debug|x64.ActiveCfg = Debug|x64
		{5D40976E-A022-38B9-AB8E-5ED77EFAE620}.Debug|x64.Build.0 = Debug|x64
		{5D40976E-A022-38B9-AB8E-5ED77EFAE620}.Release|x64.ActiveCfg = Release|x64
		{5D40976E-A022-38B9-AB8E-5ED77EFAE620}.Release|x64.Build.0 = Release|x64
		{5D40976E-A022-38B9-AB8E-5ED77EFAE620}.MinSizeRel|x64.ActiveCfg = MinSizeRel|x64
		{5D40976E-A022-38B9-AB8E-5ED77EFAE620}.MinSizeRel|x64.Build.0 = MinSizeRel|x64
		{5D40976E-A022-38B9-AB8E-5ED77EFAE620}.RelWithDebInfo|x64.ActiveCfg = RelWithDebInfo|x64
		{5D40976E-A022-38B9-AB8E-5ED77EFAE620}.RelWithDebInfo|x64.Build.0 = RelWithDebInfo|x64
		{50B1151B-5EB5-314B-B6C0-BEE9B9159AB5}.Debug|x64.ActiveCfg = Debug|x64
		{50B1151B-5EB5-314B-B6C0-BEE9B9159AB5}.Debug|x64.Build.0 = Debug|x64
		{50B1151B-5EB5-314B-B6C0-BEE9B9159AB5}.Release|x64.ActiveCfg = Release|x64
		{50B1151B-5EB5-314B-B6C0-BEE9B9159AB5}.Release|x64.Build.0 = Release|x64
		{50B1151B-5EB5-314B-B6C0-BEE9B9159AB5}.MinSizeRel|x64.ActiveCfg = MinSizeRel|x64
		{50B1151B-5EB5-314B-B6C0-BEE9B9159AB5}.MinSizeRel|x64.Build.0 = MinSizeRel|x64
		{50B1151B-5EB5-314B-B6C0-BEE9B9159AB5}.RelWithDebInfo|x64.ActiveCfg = RelWithDebInfo|x64
		{50B1151B-5EB5-314B-B6C0-BEE9B9159AB5}.RelWithDebInfo|x64.Build.0 = RelWithDebInfo|x64
		{8FAD3A00-6831-3EDC-AF02-40B6D9BF9F20}.Debug|x64.ActiveCfg = Debug|x64
		{8FAD3A00-6831-3EDC-AF02-40B6D9BF9F20}.Debug|x64.Build.0 = Debug|x64
		{8FAD3A00-6831-3EDC-AF02-40B6D9BF9F20}.Release|x64.ActiveCfg = Release|x64
		{8FAD3A00-6831-3EDC-AF02-40B6D9BF9F20}.Release|x64.Build.0 = Release|x64
		{8FAD3A00-6831-3EDC-AF02-40B6D9BF9F20}.MinSizeRel|x64.ActiveCfg = MinSizeRel|x64
		{8FAD3A00-6831-3EDC-AF02-40B6D9BF9F20}.MinSizeRel|x64.Build.0 = MinSizeRel|x64
		{8FAD3A00-6831-3EDC-AF02-40B6D9BF9F20}.RelWithDebInfo|x64.ActiveCfg = RelWithDebInfo|x64
		{8FAD3A00-6831-3EDC-AF02-40B6D9BF9F20}.RelWithDebInfo|x64.Build.0 = RelWithDebInfo|x64
		{8F10CB60-F164-388E-BAD9-3CA0293054A9}.Debug|x64.ActiveCfg = Debug|x64
		{8F10CB60-F164-388E-BAD9-3CA0293054A9}.Debug|x64.Build.0 = Debug|x64
		{8F10CB60-F164-388E-BAD9-3CA0293054A9}.Release|x64.ActiveCfg = Release|x64
		{8F10CB60-F164-388E-BAD9-3CA0293054A9}.Release|x64.Build.0 = Release|x64
		{8F10CB60-F164-388E-BAD9-3CA0293054A9}.MinSizeRel|x64.ActiveCfg = MinSizeRel|x64
		{8F10CB60-F164-388E-BAD9-3CA0293054A9}.MinSizeRel|x64.Build.0 = MinSizeRel|x64
		{8F10CB60-F164-388E-BAD9-3CA0293054A9}.RelWithDebInfo|x64.ActiveCfg = RelWithDebInfo|x64
		{8F10CB60-F164-388E-BAD9-3CA0293054A9}.RelWithDebInfo|x64.Build.0 = RelWithDebInfo|x64
		{70850C4E-E6B5-3A9D-9EE8-E694D1B71B70}.Debug|x64.ActiveCfg = Debug|x64
		{70850C4E-E6B5-3A9D-9EE8-E694D1B71B70}.Debug|x64.Build.0 = Debug|x64
		{70850C4E-E6B5-3A9D-9EE8-E694D1B71B70}.Release|x64.ActiveCfg = Release|x64
		{70850C4E-E6B5-3A9D-9EE8-E694D1B71B70}.Release|x64.Build.0 = Release|x64
		{70850C4E-E6B5-3A9D-9EE8-E694D1B71B70}.MinSizeRel|x64.ActiveCfg = MinSizeRel|x64
		{70850C4E-E6B5-3A9D-9EE8-E694D1B71B70}.MinSizeRel|x64.Build.0 = MinSizeRel|x64
		{70850C4E-E6B5-3A9D-9EE8-E694D1B71B70}.RelWithDebInfo|x64.ActiveCfg = RelWithDebInfo|x64
		{70850C4E-E6B5-3A9D-9EE8-E694D1B71B70}.RelWithDebInfo|x64.Build.0 = RelWithDebInfo|x64
		{7030F83A-EA86-379F-A7D7-480F88299116}.Debug|x64.ActiveCfg = Debug|x64
		{7030F83A-EA86-379F-A7D7-480F88299116}.Debug|x64.Build.0 = Debug|x64
		{7030F83A-EA86-379F-A7D7-480F88299116}.Release|x64.ActiveCfg = Release|x64
		{7030F83A-EA86-379F-A7D7-480F88299116}.Release|x64.Build.0 = Release|x64
		{7030F83A-EA86-379F-A7D7-480F88299116}.MinSizeRel|x64.ActiveCfg = MinSizeRel|x64
		{7030F83A-EA86-379F-A7D7-480F88299116}.MinSizeRel|x64.Build.0 = MinSizeRel|x64
		{7030F83A-EA86-379F-A7D7-480F88299116}.RelWithDebInfo|x64.ActiveCfg = RelWithDebInfo|x64
		{7030F83A-EA86-379F-A7D7-480F88299116}.RelWithDebInfo|x64.Build.0 = RelWithDebInfo|x64
		{5B52AFDD-2FF0-37C6-8A7B-BF3C30DE947D}.Debug|x64.ActiveCfg = Debug|x64
		{5B52AFDD-2FF0-37C6-8A7B-BF3C30DE947D}.Debug|x64.Build.0 = Debug|x64
		{5B52AFDD-2FF0-37C6-8A7B-BF3C30DE947D}.Release|x64.ActiveCfg = Release|x64
		{5B52AFDD-2FF0-37C6-8A7B-BF3C30DE947D}.Release|x64.Build.0 = Release|x64
		{5B52AFDD-2FF0-37C6-8A7B-BF3C30DE947D}.MinSizeRel|x64.ActiveCfg = MinSizeRel|x64
		{5B52AFDD-2FF0-37C6-8A7B-BF3C30DE947D}.MinSizeRel|x64.Build.0 = MinSizeRel|x64
		{5B52AFDD-2FF0-37C6-8A7B-BF3C30DE947D}.RelWithDebInfo|x64.ActiveCfg = RelWithDebInfo|x64
		{5B52AFDD-2FF0-37C6-8A7B-BF3C30DE947D}.RelWithDebInfo|x64.Build.0 = RelWithDebInfo|x64
		{A89E3B27-A4B5-32F1-85B8-DDAE657BA863}.Debug|x64.ActiveCfg = Debug|x64
		{A89E3B27-A4B5-32F1-85B8-DDAE657BA863}.Debug|x64.Build.0 = Debug|x64
		{A89E3B27-A4B5-32F1-85B8-DDAE657BA863}.Release|x64.ActiveCfg = Release|x64
		{A89E3B27-A4B5-32F1-85B8-DDAE657BA863}.Release|x64.Build.0 = Release|x64
		{A89E3B27-A4B5-32F1-85B8-DDAE657BA863}.MinSizeRel|x64.ActiveCfg = MinSizeRel|x64
		{A89E3B27-A4B5-32F1-85B8-DDAE657BA863}.MinSizeRel|x64.Build.0 = MinSizeRel|x64
		{A89E3B27-A4B5-32F1-85B8-DDAE657BA863}.RelWithDebInfo|x64.ActiveCfg = RelWithDebInfo|x64
		{A89E3B27-A4B5-32F1-85B8-DDAE657BA863}.RelWithDebInfo|x64.Build.0 = RelWithDebInfo|x64
		{D498F92D-C786-3125-80C4-7933D8658ECE}.Debug|x64.ActiveCfg = Debug|x64
		{D498F92D-C786-3125-80C4-7933D8658ECE}.Debug|x64.Build.0 = Debug|x64
		{D498F92D-C786-3125-80C4-7933D8658ECE}.Release|x64.ActiveCfg = Release|x64
		{D498F92D-C786-3125-80C4-7933D8658ECE}.Release|x64.Build.0 = Release|x64
		{D498F92D-C786-3125-80C4-7933D8658ECE}.MinSizeRel|x64.ActiveCfg = MinSizeRel|x64
		{D498F92D-C786-3125-80C4-7933D8658ECE}.MinSizeRel|x64.Build.0 = MinSizeRel|x64
		{D498F92D-C786-3125-80C4-7933D8658ECE}.RelWithDebInfo|x64.ActiveCfg = RelWithDebInfo|x64
		{D498F92D-C786-3125-80C4-7933D8658ECE}.RelWithDebInfo|x64.Build.0 = RelWithDebInfo|x64
	EndGlobalSection
	GlobalSection(ExtensibilityGlobals) = postSolution
		SolutionGuid = {47BA1CE1-B58E-36A8-898A-D32762386CA1}
	EndGlobalSection
	GlobalSection(ExtensibilityAddIns) = postSolution
	EndGlobalSection
EndGlobal
