<?xml version="1.0" encoding="utf-8"?>
<Project ToolsVersion="17.0" xmlns="http://schemas.microsoft.com/developer/msbuild/2003">
  <ItemGroup>
    <ClCompile Include="C:\Users\Rakete\Documents\Drohnenversuchsstand\DROMA\Simulation\scripts\sitl\test\test_gcs_frame.cpp">
      <Filter>Source Files</Filter>
    </ClCompile>
  </ItemGroup>
  <ItemGroup>
    <CustomBuild Include="C:\Users\Rakete\Documents\Drohnenversuchsstand\DROMA\Simulation\scripts\sitl\CMakeLists.txt" />
  </ItemGroup>
  <ItemGroup>
    <Filter Include="Source Files">
      <UniqueIdentifier>{C32D1ED9-7C74-3C41-A270-3E3EFE724E18}</UniqueIdentifier>
    </Filter>
  </ItemGroup>
</Project>
